{
  "requires": true,
  "lockfileVersion": 1,
  "dependencies": {
    "@vant/weapp": {
      "version": "1.3.1",
      "resolved": "https://registry.npmjs.org/@vant/weapp/-/weapp-1.3.1.tgz",
      "integrity": "sha512-b4Kr1TUVRtoCKRphRvGYoQIKoSi2QBt3v4VrD6pwKOav3U3AVxKKLcqdCRkVMyTGsZrnwD/5se/HXcXA4ra9dg=="
    },
    "mobx-miniprogram": {
      "version": "4.13.2",
      "resolved": "https://registry.npmjs.org/mobx-miniprogram/-/mobx-miniprogram-4.13.2.tgz",
      "integrity": "sha512-C3HtkqHCLKp35N2gXA80yFD6PNfSqwioPFmnjTQpBLrEqYm1F6yiWZ57CW+8FqgmR306mw6ZfsM5q7hSTHw8BQ=="
    },
    "mobx-miniprogram-bindings": {
      "version": "1.1.0",
      "resolved": "https://registry.npmjs.org/mobx-miniprogram-bindings/-/mobx-miniprogram-bindings-1.1.0.tgz",
      "integrity": "sha512-eC3n8aM4ptx5giDJwn9fAR0eBjc7iCFdTHXJ3s4x/m1zE1ZVkRkpdSoAQ6zkxC4wnebhHttgTpOJ+gVuJGb+hQ=="
    }
  }
}
